
Microsoft Visual Studio Solution File, Format Version 12.00
# Visual Studio Version 16
VisualStudioVersion = 16.0.31205.134
MinimumVisualStudioVersion = 10.0.40219.1
Project("{FAE04EC0-301F-11D3-BF4B-00C04F79EFBC}") = "ChungKhoan_ChuyenDe", "ChungKhoan_ChuyenDe\ChungKhoan_ChuyenDe.csproj", "{36EBA481-AEDB-4B5A-B72D-548F93268C15}"
EndProject
Project("{FAE04EC0-301F-11D3-BF4B-00C04F79EFBC}") = "ChungKhoan_Backup", "ChungKhoan_Backup\ChungKhoan_Backup.csproj", "{36C4159E-CDBA-42DB-899E-4FEBA11CDE5B}"
EndProject
Global
	GlobalSection(SolutionConfigurationPlatforms) = preSolution
		Debug|Any CPU = Debug|Any CPU
		Release|Any CPU = Release|Any CPU
	EndGlobalSection
	GlobalSection(ProjectConfigurationPlatforms) = postSolution
		{36EBA481-AEDB-4B5A-B72D-548F93268C15}.Debug|Any CPU.ActiveCfg = Debug|Any CPU
		{36EBA481-AEDB-4B5A-B72D-548F93268C15}.Debug|Any CPU.Build.0 = Debug|Any CPU
		{36EBA481-AEDB-4B5A-B72D-548F93268C15}.Release|Any CPU.ActiveCfg = Release|Any CPU
		{36EBA481-AEDB-4B5A-B72D-548F93268C15}.Release|Any CPU.Build.0 = Release|Any CPU
		{36C4159E-CDBA-42DB-899E-4FEBA11CDE5B}.Debug|Any CPU.ActiveCfg = Debug|Any CPU
		{36C4159E-CDBA-42DB-899E-4FEBA11CDE5B}.Debug|Any CPU.Build.0 = Debug|Any CPU
		{36C4159E-CDBA-42DB-899E-4FEBA11CDE5B}.Release|Any CPU.ActiveCfg = Release|Any CPU
		{36C4159E-CDBA-42DB-899E-4FEBA11CDE5B}.Release|Any CPU.Build.0 = Release|Any CPU
	EndGlobalSection
	GlobalSection(SolutionProperties) = preSolution
		HideSolutionNode = FALSE
	EndGlobalSection
	GlobalSection(ExtensibilityGlobals) = postSolution
		SolutionGuid = {CFCE47D2-B687-4C5B-B383-51D51FC190A3}
	EndGlobalSection
EndGlobal
